
Microsoft Visual Studio Solution File, Format Version 12.00
# Visual Studio 2017
Project("{FAE04EC0-301F-11D3-BF4B-00C04F79EFBC}") = "ChameleonFunction", "src\ChameleonFunction\ChameleonFunction.csproj", "{BAB71026-793B-49BA-B105-055069110EA5}"
EndProject
Project("{FAE04EC0-301F-11D3-BF4B-00C04F79EFBC}") = "DataStore", "src\DataStore\DataStore.csproj", "{020582CB-5756-4EE5-9FDC-06F0C632DA34}"
EndProject
Project("{FAE04EC0-301F-11D3-BF4B-00C04F79EFBC}") = "DataStore.Tests", "test\DataStore.Tests\DataStore.Tests.csproj", "{D81AFEBD-E0E5-4B88-BB28-6BA38497B74D}"
EndProject
Project("{FAE04EC0-301F-11D3-BF4B-00C04F79EFBC}") = "GameLogic", "src\GameLogic\GameLogic.csproj", "{5338226A-E2B1-4B45-9D77-7FBDBD47E728}"
EndProject
Project("{FAE04EC0-301F-11D3-BF4B-00C04F79EFBC}") = "GameLogic.Tests", "test\GameLogic.Tests\GameLogic.Tests.csproj", "{F5DEC293-B9CF-47D2-A215-FA55A819A651}"
EndProject
Global
	GlobalSection(SolutionConfigurationPlatforms) = preSolution
		Debug|Any CPU = Debug|Any CPU
		Release|Any CPU = Release|Any CPU
	EndGlobalSection
	GlobalSection(ProjectConfigurationPlatforms) = postSolution
		{BAB71026-793B-49BA-B105-055069110EA5}.Debug|Any CPU.ActiveCfg = Debug|Any CPU
		{BAB71026-793B-49BA-B105-055069110EA5}.Debug|Any CPU.Build.0 = Debug|Any CPU
		{BAB71026-793B-49BA-B105-055069110EA5}.Release|Any CPU.ActiveCfg = Release|Any CPU
		{BAB71026-793B-49BA-B105-055069110EA5}.Release|Any CPU.Build.0 = Release|Any CPU
		{020582CB-5756-4EE5-9FDC-06F0C632DA34}.Debug|Any CPU.ActiveCfg = Debug|Any CPU
		{020582CB-5756-4EE5-9FDC-06F0C632DA34}.Debug|Any CPU.Build.0 = Debug|Any CPU
		{020582CB-5756-4EE5-9FDC-06F0C632DA34}.Release|Any CPU.ActiveCfg = Release|Any CPU
		{020582CB-5756-4EE5-9FDC-06F0C632DA34}.Release|Any CPU.Build.0 = Release|Any CPU
		{D81AFEBD-E0E5-4B88-BB28-6BA38497B74D}.Debug|Any CPU.ActiveCfg = Debug|Any CPU
		{D81AFEBD-E0E5-4B88-BB28-6BA38497B74D}.Debug|Any CPU.Build.0 = Debug|Any CPU
		{D81AFEBD-E0E5-4B88-BB28-6BA38497B74D}.Release|Any CPU.ActiveCfg = Release|Any CPU
		{D81AFEBD-E0E5-4B88-BB28-6BA38497B74D}.Release|Any CPU.Build.0 = Release|Any CPU
		{5338226A-E2B1-4B45-9D77-7FBDBD47E728}.Debug|Any CPU.ActiveCfg = Debug|Any CPU
		{5338226A-E2B1-4B45-9D77-7FBDBD47E728}.Debug|Any CPU.Build.0 = Debug|Any CPU
		{5338226A-E2B1-4B45-9D77-7FBDBD47E728}.Release|Any CPU.ActiveCfg = Release|Any CPU
		{5338226A-E2B1-4B45-9D77-7FBDBD47E728}.Release|Any CPU.Build.0 = Release|Any CPU
		{F5DEC293-B9CF-47D2-A215-FA55A819A651}.Debug|Any CPU.ActiveCfg = Debug|Any CPU
		{F5DEC293-B9CF-47D2-A215-FA55A819A651}.Debug|Any CPU.Build.0 = Debug|Any CPU
		{F5DEC293-B9CF-47D2-A215-FA55A819A651}.Release|Any CPU.ActiveCfg = Release|Any CPU
		{F5DEC293-B9CF-47D2-A215-FA55A819A651}.Release|Any CPU.Build.0 = Release|Any CPU
	EndGlobalSection
EndGlobal
